
Microsoft Visual Studio Solution File, Format Version 12.00
# Visual Studio Version 17
VisualStudioVersion = 17.5.33627.172
MinimumVisualStudioVersion = 10.0.40219.1
Project("{FAE04EC0-301F-11D3-BF4B-00C04F79EFBC}") = "SharpCommand", "SharpCommand\SharpCommand.csproj", "{640C29AD-A8B5-406C-B2D7-940ED1274C71}"
EndProject
Project("{FAE04EC0-301F-11D3-BF4B-00C04F79EFBC}") = "SharpCommand.Example", "SharpCommand.Example\SharpCommand.Example.csproj", "{28B5DD59-393B-4DFA-B6B5-B46B2764FBF4}"
EndProject
Global
	GlobalSection(SolutionConfigurationPlatforms) = preSolution
		Debug|Any CPU = Debug|Any CPU
		Release|Any CPU = Release|Any CPU
	EndGlobalSection
	GlobalSection(ProjectConfigurationPlatforms) = postSolution
		{640C29AD-A8B5-406C-B2D7-940ED1274C71}.Debug|Any CPU.ActiveCfg = Debug|Any CPU
		{640C29AD-A8B5-406C-B2D7-940ED1274C71}.Debug|Any CPU.Build.0 = Debug|Any CPU
		{640C29AD-A8B5-406C-B2D7-940ED1274C71}.Release|Any CPU.ActiveCfg = Release|Any CPU
		{640C29AD-A8B5-406C-B2D7-940ED1274C71}.Release|Any CPU.Build.0 = Release|Any CPU
		{28B5DD59-393B-4DFA-B6B5-B46B2764FBF4}.Debug|Any CPU.ActiveCfg = Debug|Any CPU
		{28B5DD59-393B-4DFA-B6B5-B46B2764FBF4}.Debug|Any CPU.Build.0 = Debug|Any CPU
		{28B5DD59-393B-4DFA-B6B5-B46B2764FBF4}.Release|Any CPU.ActiveCfg = Release|Any CPU
		{28B5DD59-393B-4DFA-B6B5-B46B2764FBF4}.Release|Any CPU.Build.0 = Release|Any CPU
	EndGlobalSection
	GlobalSection(SolutionProperties) = preSolution
		HideSolutionNode = FALSE
	EndGlobalSection
	GlobalSection(ExtensibilityGlobals) = postSolution
		SolutionGuid = {23BF085D-D1B0-41A4-9651-C2F23D7D0D8D}
	EndGlobalSection
EndGlobal
